{
  "nodes": {
    "colmena": {
      "inputs": {
        "flake-compat": [
          "nuran",
          "empty"
        ],
        "flake-utils": [
          "nuran",
          "flake-utils"
        ],
        "nix-github-actions": [
          "nuran",
          "empty"
        ],
        "nixpkgs": [
          "nuran",
          "nixpkgs"
        ],
        "stable": [
          "nuran",
          "empty"
        ]
      },
      "locked": {
        "lastModified": 1746816769,
        "narHash": "sha256-ymQzXrfHVT8/RJiGbfrNjEeuzXQan46lUJdxEhgivdM=",
        "owner": "zhaofengli",
        "repo": "colmena",
        "rev": "df694ee23be7ed7b2d8b42c245a640f0724eb06c",
        "type": "github"
      },
      "original": {
        "owner": "zhaofengli",
        "repo": "colmena",
        "type": "github"
      }
    },
    "empty": {
      "locked": {
        "lastModified": 1747543660,
        "narHash": "sha256-q0s+gyIrmsPon3evDh6I4uiHHUVMYibJ73flfRu3xmU=",
        "owner": "MidAutumnMoon",
        "repo": "empty-flake",
        "rev": "3dd78d3aafc8b8ab778627342bcc653d7afb76d0",
        "type": "github"
      },
      "original": {
        "owner": "MidAutumnMoon",
        "repo": "empty-flake",
        "type": "github"
      }
    },
    "flake-utils": {
      "inputs": {
        "systems": "systems"
      },
      "locked": {
        "lastModified": 1731533236,
        "narHash": "sha256-l0KFg5HjrsfsO/JpG+r7fRrqm12kzFHyUHqHCVpMMbI=",
        "owner": "numtide",
        "repo": "flake-utils",
        "rev": "11707dc2f618dd54ca8739b309ec4fc024de578b",
        "type": "github"
      },
      "original": {
        "owner": "numtide",
        "repo": "flake-utils",
        "type": "github"
      }
    },
    "home-manager": {
      "inputs": {
        "nixpkgs": [
          "nuran",
          "nixpkgs"
        ]
      },
      "locked": {
        "lastModified": 1747332433,
        "narHash": "sha256-AUikwUae+YACUNL0GsQJGCW2ChwCuDg3l96m6FFhg7o=",
        "owner": "nix-community",
        "repo": "home-manager",
        "rev": "c09ccd7d39eb4c246fcb0e2b3e4be0361a85c19a",
        "type": "github"
      },
      "original": {
        "owner": "nix-community",
        "repo": "home-manager",
        "type": "github"
      }
    },
    "lix": {
      "inputs": {
        "flake-compat": [
          "nuran",
          "empty"
        ],
        "nix2container": [
          "nuran",
          "empty"
        ],
        "nixpkgs": [
          "nuran",
          "nixpkgs"
        ],
        "nixpkgs-regression": [
          "nuran",
          "empty"
        ],
        "pre-commit-hooks": [
          "nuran",
          "empty"
        ]
      },
      "locked": {
        "lastModified": 1747408691,
        "narHash": "sha256-+yX+xF1cZUd1Pub7MJ7uGcC6JQ0FN+CsEmBg6rGLfjU=",
        "rev": "a7634f87aac545fa01fa19878cc5ad2c994e2116",
        "type": "tarball",
        "url": "https://git.lix.systems/api/v1/repos/lix-project/lix/archive/a7634f87aac545fa01fa19878cc5ad2c994e2116.tar.gz"
      },
      "original": {
        "type": "tarball",
        "url": "https://git.lix.systems/lix-project/lix/archive/main.tar.gz"
      }
    },
    "lix-module": {
      "inputs": {
        "flake-utils": [
          "nuran",
          "flake-utils"
        ],
        "flakey-profile": [
          "nuran",
          "empty"
        ],
        "lix": [
          "nuran",
          "lix"
        ],
        "nixpkgs": [
          "nuran",
          "nixpkgs"
        ]
      },
      "locked": {
        "lastModified": 1746839253,
        "narHash": "sha256-pRwi8Wn8Yofj459gq+3oIRy8F3SXeEJ6mzfIAUgM9nA=",
        "rev": "58baedd53f9da81fd728a4f3b08c378e5ba9ae58",
        "type": "tarball",
        "url": "https://git.lix.systems/api/v1/repos/lix-project/nixos-module/archive/58baedd53f9da81fd728a4f3b08c378e5ba9ae58.tar.gz"
      },
      "original": {
        "type": "tarball",
        "url": "https://git.lix.systems/lix-project/nixos-module/archive/main.tar.gz"
      }
    },
    "nix-index-database": {
      "flake": false,
      "locked": {
        "lastModified": 1746934494,
        "narHash": "sha256-3n6i+F0sDASjkhbvgFDpPDZGp7z19IrRtjfF9TwJpCA=",
        "owner": "nix-community",
        "repo": "nix-index-database",
        "rev": "e9b21b01e4307176b9718a29ac514838e7f6f4ff",
        "type": "github"
      },
      "original": {
        "owner": "nix-community",
        "repo": "nix-index-database",
        "type": "github"
      }
    },
    "nixos-wsl": {
      "inputs": {
        "flake-compat": [
          "nuran",
          "empty"
        ],
        "nixpkgs": [
          "nuran",
          "nixpkgs"
        ]
      },
      "locked": {
        "lastModified": 1746453552,
        "narHash": "sha256-r66UGha+7KVHkI7ksrcMjnw/mm9Sg4l5bQlylxHwdGU=",
        "owner": "nix-community",
        "repo": "NixOS-WSL",
        "rev": "be618645aa0adf461f778500172b6896d5ab2d01",
        "type": "github"
      },
      "original": {
        "owner": "nix-community",
        "repo": "NixOS-WSL",
        "type": "github"
      }
    },
    "nixpkgs": {
      "locked": {
        "lastModified": 1747327360,
        "narHash": "sha256-LSmTbiq/nqZR9B2t4MRnWG7cb0KVNU70dB7RT4+wYK4=",
        "owner": "NixOS",
        "repo": "nixpkgs",
        "rev": "e06158e58f3adee28b139e9c2bcfcc41f8625b46",
        "type": "github"
      },
      "original": {
        "owner": "NixOS",
        "ref": "nixos-unstable-small",
        "repo": "nixpkgs",
        "type": "github"
      }
    },
    "nuran": {
      "inputs": {
        "colmena": "colmena",
        "empty": "empty",
        "flake-utils": "flake-utils",
        "home-manager": "home-manager",
        "lix": "lix",
        "lix-module": "lix-module",
        "nix-index-database": "nix-index-database",
        "nixos-wsl": "nixos-wsl",
        "nixpkgs": "nixpkgs",
        "preservation": "preservation",
        "rust-overlay": "rust-overlay",
        "sops-nix": "sops-nix"
      },
      "locked": {
        "lastModified": 1747547522,
        "narHash": "sha256-gSyexVw/7qqchF1jvZcrDRyGagI4+FnVCztMS2XzXsk=",
        "owner": "MidAutumnMoon",
        "repo": "Nuran",
        "rev": "b833eec6d23edb1b0f396dd1a107ab583f482bb4",
        "type": "github"
      },
      "original": {
        "owner": "MidAutumnMoon",
        "repo": "Nuran",
        "type": "github"
      }
    },
    "preservation": {
      "locked": {
        "lastModified": 1738541138,
        "narHash": "sha256-isT+jR8P8UFh5PJDzGHYXqVEHEZa0D5WvT5kfMf14AM=",
        "owner": "nix-community",
        "repo": "preservation",
        "rev": "2f16754f9f6b766c1429375ab7417dc81cc90a63",
        "type": "github"
      },
      "original": {
        "owner": "nix-community",
        "repo": "preservation",
        "type": "github"
      }
    },
    "root": {
      "inputs": {
        "nuran": "nuran"
      }
    },
    "rust-overlay": {
      "inputs": {
        "nixpkgs": [
          "nuran",
          "nixpkgs"
        ]
      },
      "locked": {
        "lastModified": 1747332411,
        "narHash": "sha256-2LOxMLddhMoJphMU/72Ls6Rvp38aJUrp7OhWwyvslek=",
        "owner": "oxalica",
        "repo": "rust-overlay",
        "rev": "10d4529b7ead35863caa77993915104345524bed",
        "type": "github"
      },
      "original": {
        "owner": "oxalica",
        "repo": "rust-overlay",
        "type": "github"
      }
    },
    "sops-nix": {
      "inputs": {
        "nixpkgs": [
          "nuran",
          "nixpkgs"
        ]
      },
      "locked": {
        "lastModified": 1746485181,
        "narHash": "sha256-PxrrSFLaC7YuItShxmYbMgSuFFuwxBB+qsl9BZUnRvg=",
        "owner": "Mic92",
        "repo": "sops-nix",
        "rev": "e93ee1d900ad264d65e9701a5c6f895683433386",
        "type": "github"
      },
      "original": {
        "owner": "Mic92",
        "repo": "sops-nix",
        "type": "github"
      }
    },
    "systems": {
      "locked": {
        "lastModified": 1681028828,
        "narHash": "sha256-Vy1rq5AaRuLzOxct8nz4T6wlgyUR7zLU309k9mBC768=",
        "owner": "nix-systems",
        "repo": "default",
        "rev": "da67096a3b9bf56a91d16901293e51ba5b49a27e",
        "type": "github"
      },
      "original": {
        "owner": "nix-systems",
        "repo": "default",
        "type": "github"
      }
    }
  },
  "root": "root",
  "version": 7
}
